
Microsoft Visual Studio Solution File, Format Version 12.00
# Visual Studio Version 16
VisualStudioVersion = 16.0.30320.27
MinimumVisualStudioVersion = 10.0.40219.1
Project("{FAE04EC0-301F-11D3-BF4B-00C04F79EFBC}") = "WarningClock", "WarningClock\WarningClock.csproj", "{88102F18-46A9-4EC7-98FA-C2171E310969}"
EndProject
Global
	GlobalSection(SolutionConfigurationPlatforms) = preSolution
		Debug|Any CPU = Debug|Any CPU
		Release|Any CPU = Release|Any CPU
	EndGlobalSection
	GlobalSection(ProjectConfigurationPlatforms) = postSolution
		{88102F18-46A9-4EC7-98FA-C2171E310969}.Debug|Any CPU.ActiveCfg = Debug|Any CPU
		{88102F18-46A9-4EC7-98FA-C2171E310969}.Debug|Any CPU.Build.0 = Debug|Any CPU
		{88102F18-46A9-4EC7-98FA-C2171E310969}.Release|Any CPU.ActiveCfg = Release|Any CPU
		{88102F18-46A9-4EC7-98FA-C2171E310969}.Release|Any CPU.Build.0 = Release|Any CPU
	EndGlobalSection
	GlobalSection(SolutionProperties) = preSolution
		HideSolutionNode = FALSE
	EndGlobalSection
	GlobalSection(ExtensibilityGlobals) = postSolution
		SolutionGuid = {F2F07494-9A70-4411-882D-A5DF23880347}
	EndGlobalSection
EndGlobal
